
Microsoft Visual Studio Solution File, Format Version 11.00
# Visual Studio 2010
Project("{8BC9CEB8-8B4A-11D0-8D11-00A0C91BC942}") = "cpsc585", "cpsc585\cpsc585.vcxproj", "{E03E002E-2F9D-498C-BE7D-491805D3E403}"
EndProject
Global
	GlobalSection(SolutionConfigurationPlatforms) = preSolution
		Debug|Win32 = Debug|Win32
		Release|Win32 = Release|Win32
	EndGlobalSection
	GlobalSection(ProjectConfigurationPlatforms) = postSolution
		{E03E002E-2F9D-498C-BE7D-491805D3E403}.Debug|Win32.ActiveCfg = Debug|Win32
		{E03E002E-2F9D-498C-BE7D-491805D3E403}.Debug|Win32.Build.0 = Debug|Win32
		{E03E002E-2F9D-498C-BE7D-491805D3E403}.Release|Win32.ActiveCfg = Release|Win32
		{E03E002E-2F9D-498C-BE7D-491805D3E403}.Release|Win32.Build.0 = Release|Win32
	EndGlobalSection
	GlobalSection(SolutionProperties) = preSolution
		HideSolutionNode = FALSE
	EndGlobalSection
EndGlobal
