
Microsoft Visual Studio Solution File, Format Version 11.00
# Visual Studio 2010
Project("{8BC9CEB8-8B4A-11D0-8D11-00A0C91BC942}") = "cpsc585", "cpsc585\cpsc585.vcxproj", "{592A3437-5FBC-42CC-9966-0F4413C49A12}"
EndProject
Global
	GlobalSection(SolutionConfigurationPlatforms) = preSolution
		Debug|Win32 = Debug|Win32
		Release|Win32 = Release|Win32
	EndGlobalSection
	GlobalSection(ProjectConfigurationPlatforms) = postSolution
		{592A3437-5FBC-42CC-9966-0F4413C49A12}.Debug|Win32.ActiveCfg = Debug|Win32
		{592A3437-5FBC-42CC-9966-0F4413C49A12}.Debug|Win32.Build.0 = Debug|Win32
		{592A3437-5FBC-42CC-9966-0F4413C49A12}.Release|Win32.ActiveCfg = Release|Win32
		{592A3437-5FBC-42CC-9966-0F4413C49A12}.Release|Win32.Build.0 = Release|Win32
	EndGlobalSection
	GlobalSection(SolutionProperties) = preSolution
		HideSolutionNode = FALSE
	EndGlobalSection
EndGlobal
